
Microsoft Visual Studio Solution File, Format Version 12.00
# Visual Studio Version 17
VisualStudioVersion = 17.10.35013.160
MinimumVisualStudioVersion = 10.0.40219.1
Project("{FAE04EC0-301F-11D3-BF4B-00C04F79EFBC}") = "StudentSort", "StudentSort.csproj", "{4D9809C9-75BE-419C-BE07-0B38D77E180B}"
EndProject
Global
	GlobalSection(SolutionConfigurationPlatforms) = preSolution
		Debug|Any CPU = Debug|Any CPU
		Release|Any CPU = Release|Any CPU
	EndGlobalSection
	GlobalSection(ProjectConfigurationPlatforms) = postSolution
		{4D9809C9-75BE-419C-BE07-0B38D77E180B}.Debug|Any CPU.ActiveCfg = Debug|Any CPU
		{4D9809C9-75BE-419C-BE07-0B38D77E180B}.Debug|Any CPU.Build.0 = Debug|Any CPU
		{4D9809C9-75BE-419C-BE07-0B38D77E180B}.Release|Any CPU.ActiveCfg = Release|Any CPU
		{4D9809C9-75BE-419C-BE07-0B38D77E180B}.Release|Any CPU.Build.0 = Release|Any CPU
	EndGlobalSection
	GlobalSection(SolutionProperties) = preSolution
		HideSolutionNode = FALSE
	EndGlobalSection
	GlobalSection(ExtensibilityGlobals) = postSolution
		SolutionGuid = {B36A6636-39B0-437A-83F9-4DEA38E309D5}
	EndGlobalSection
EndGlobal
